# THIS IS AN AUTOGENERATED FILE. DO NOT EDIT THIS FILE DIRECTLY.
# yarn lockfile v1


sass-rem@3.0.0:
  version "3.0.0"
  resolved "https://registry.npmjs.org/sass-rem/-/sass-rem-3.0.0.tgz#82a700b69ca4ea725befdf8ed9844f5dfb71b55b"
  integrity sha512-tgK/2ojS/z4OjlJT6J/Gc3TgN97W/4tTWuEdVXO1/P46L/Ud4iG3t+s007KTHP+BX9tqLgFPl3fgstUsva5rtg==
